
Microsoft Visual Studio Solution File, Format Version 12.00
# Visual Studio 15
VisualStudioVersion = 15.0.28307.1321
MinimumVisualStudioVersion = 10.0.40219.1
Project("{159641D6-6404-4A2A-AE62-294DE0FE8301}") = "Practice4CSVtoSQL", "Practice4CSVtoSQL\Practice4CSVtoSQL.dtproj", "{1EA20D70-9720-4235-939F-49284E3DAAFE}"
EndProject
Global
	GlobalSection(SolutionConfigurationPlatforms) = preSolution
		Development|Default = Development|Default
	EndGlobalSection
	GlobalSection(ProjectConfigurationPlatforms) = postSolution
		{1EA20D70-9720-4235-939F-49284E3DAAFE}.Development|Default.ActiveCfg = Development
		{1EA20D70-9720-4235-939F-49284E3DAAFE}.Development|Default.Build.0 = Development
	EndGlobalSection
	GlobalSection(SolutionProperties) = preSolution
		HideSolutionNode = FALSE
	EndGlobalSection
	GlobalSection(ExtensibilityGlobals) = postSolution
		SolutionGuid = {D42C982F-E89C-4AD4-A3E3-7AB71DF061CD}
	EndGlobalSection
EndGlobal
